
Microsoft Visual Studio Solution File, Format Version 12.00
# Visual Studio Version 17
VisualStudioVersion = 17.1.32414.318
MinimumVisualStudioVersion = 10.0.40219.1
Project("{FAE04EC0-301F-11D3-BF4B-00C04F79EFBC}") = "CapaPresentacion", "CapaPresentacion\CapaPresentacion.csproj", "{83E43318-462A-49F8-9702-8779F671FFBB}"
EndProject
Project("{FAE04EC0-301F-11D3-BF4B-00C04F79EFBC}") = "CapaNegocio", "CapaNegocio\CapaNegocio.csproj", "{69643663-95D4-4884-86B5-0433AE4F4D2C}"
EndProject
Project("{FAE04EC0-301F-11D3-BF4B-00C04F79EFBC}") = "CapaDatos", "CapaDatos\CapaDatos.csproj", "{F447FBEA-5C5B-48E3-9504-C2CF9B7D86B3}"
EndProject
Global
	GlobalSection(SolutionConfigurationPlatforms) = preSolution
		Debug|Any CPU = Debug|Any CPU
		Release|Any CPU = Release|Any CPU
	EndGlobalSection
	GlobalSection(ProjectConfigurationPlatforms) = postSolution
		{83E43318-462A-49F8-9702-8779F671FFBB}.Debug|Any CPU.ActiveCfg = Debug|Any CPU
		{83E43318-462A-49F8-9702-8779F671FFBB}.Debug|Any CPU.Build.0 = Debug|Any CPU
		{83E43318-462A-49F8-9702-8779F671FFBB}.Release|Any CPU.ActiveCfg = Release|Any CPU
		{83E43318-462A-49F8-9702-8779F671FFBB}.Release|Any CPU.Build.0 = Release|Any CPU
		{69643663-95D4-4884-86B5-0433AE4F4D2C}.Debug|Any CPU.ActiveCfg = Debug|Any CPU
		{69643663-95D4-4884-86B5-0433AE4F4D2C}.Debug|Any CPU.Build.0 = Debug|Any CPU
		{69643663-95D4-4884-86B5-0433AE4F4D2C}.Release|Any CPU.ActiveCfg = Release|Any CPU
		{69643663-95D4-4884-86B5-0433AE4F4D2C}.Release|Any CPU.Build.0 = Release|Any CPU
		{F447FBEA-5C5B-48E3-9504-C2CF9B7D86B3}.Debug|Any CPU.ActiveCfg = Debug|Any CPU
		{F447FBEA-5C5B-48E3-9504-C2CF9B7D86B3}.Debug|Any CPU.Build.0 = Debug|Any CPU
		{F447FBEA-5C5B-48E3-9504-C2CF9B7D86B3}.Release|Any CPU.ActiveCfg = Release|Any CPU
		{F447FBEA-5C5B-48E3-9504-C2CF9B7D86B3}.Release|Any CPU.Build.0 = Release|Any CPU
	EndGlobalSection
	GlobalSection(SolutionProperties) = preSolution
		HideSolutionNode = FALSE
	EndGlobalSection
	GlobalSection(ExtensibilityGlobals) = postSolution
		SolutionGuid = {1914A1E9-9C49-4BC3-8502-3547842A4C8A}
	EndGlobalSection
EndGlobal
